<Solution>
  <Folder Name="/samples/">
    <Project Path="samples/AuthService/AuthService.csproj" />
    <Project Path="samples/AuditService/AuditService.csproj" />
    <Project Path="samples/CatalogService/CatalogService.csproj" />
    <Project Path="samples/GatewayService/GatewayService.csproj" />
    <Project Path="samples/InventoryService/InventoryService.csproj" />
    <Project Path="samples/JobService/JobService.csproj" />
    <Project Path="samples/NotificationService/NotificationService.csproj" />
    <Project Path="samples/OrderService/OrderService.csproj" />
    <Project Path="samples/OpsPortal/OpsPortal.csproj" />
    <Project Path="samples/PromotionService/PromotionService.csproj" />
    <Project Path="samples/ProductService/ProductService.csproj" />
    <Project Path="samples/UserService/UserService.csproj" />
  </Folder>
  <Folder Name="/src/">
    <Project Path="src/DaprFx.Configuration/DaprFx.Configuration.csproj" />
    <Project Path="src/DaprFx.Core/DaprFx.Core.csproj" />
    <Project Path="src/DaprFx.Cryptography/DaprFx.Cryptography.csproj" />
    <Project Path="src/DaprFx.EventBus/DaprFx.EventBus.csproj" />
    <Project Path="src/DaprFx.Hosting/DaprFx.Hosting.csproj" />
    <Project Path="src/DaprFx.Operations/DaprFx.Operations.csproj" />
    <Project Path="src/DaprFx.ServiceInvocation/DaprFx.ServiceInvocation.csproj" />
    <Project Path="src/DaprFx.StateManagement/DaprFx.StateManagement.csproj" />
  </Folder>
  <Folder Name="/tests/">
    <Project Path="tests/DaprFx.Tests/DaprFx.Tests.csproj" />
  </Folder>
</Solution>
